# THIS IS AN AUTOGENERATED FILE. DO NOT EDIT THIS FILE DIRECTLY.
# yarn lockfile v1


"@superyusuke/ableton-live-api@^0.0.0":
  version "0.0.0"
  resolved "https://registry.yarnpkg.com/@superyusuke/ableton-live-api/-/ableton-live-api-0.0.0.tgz#297c489704cf214c806392d1937d98c8ab9bc63f"
  integrity sha512-QWzWP2gyHO02chiIR7v06skRyvTA+wT9SCKjtALHEkd+p4ic68eAznkMoWGC8fM+jcCMTDm71O1EAzKDZ5bi8A==
